
Microsoft Visual Studio Solution File, Format Version 12.00
# Visual Studio Version 16
VisualStudioVersion = 16.0.30406.217
MinimumVisualStudioVersion = 10.0.40219.1
Project("{FAE04EC0-301F-11D3-BF4B-00C04F79EFBC}") = "WebApplication10", "WebApplication10\WebApplication10.csproj", "{CE18B2BF-5905-4E54-8793-9ADB30FB1C33}"
EndProject
Global
	GlobalSection(SolutionConfigurationPlatforms) = preSolution
		Debug|Any CPU = Debug|Any CPU
		Release|Any CPU = Release|Any CPU
	EndGlobalSection
	GlobalSection(ProjectConfigurationPlatforms) = postSolution
		{CE18B2BF-5905-4E54-8793-9ADB30FB1C33}.Debug|Any CPU.ActiveCfg = Debug|Any CPU
		{CE18B2BF-5905-4E54-8793-9ADB30FB1C33}.Debug|Any CPU.Build.0 = Debug|Any CPU
		{CE18B2BF-5905-4E54-8793-9ADB30FB1C33}.Release|Any CPU.ActiveCfg = Release|Any CPU
		{CE18B2BF-5905-4E54-8793-9ADB30FB1C33}.Release|Any CPU.Build.0 = Release|Any CPU
	EndGlobalSection
	GlobalSection(SolutionProperties) = preSolution
		HideSolutionNode = FALSE
	EndGlobalSection
	GlobalSection(ExtensibilityGlobals) = postSolution
		SolutionGuid = {D7B1E87B-A5FE-4679-AAD9-6BE43202B4EE}
	EndGlobalSection
EndGlobal
